Microsoft Visual Studio Solution File, Format Version 12.00
# Visual Studio Version 17
VisualStudioVersion = 17.5.2.0
MinimumVisualStudioVersion = 10.0.40219.1
Project("{FAE04EC0-301F-11D3-BF4B-00C04F79EFBC}") = "CodingSkillApp", "CodingSkillApp\CodingSkillApp.csproj", "{52C278BB-675E-6205-0EE0-3A874FE430AD}"
EndProject
Global
	GlobalSection(SolutionConfigurationPlatforms) = preSolution
		Debug|Any CPU = Debug|Any CPU
		Release|Any CPU = Release|Any CPU
	EndGlobalSection
	GlobalSection(ProjectConfigurationPlatforms) = postSolution
		{52C278BB-675E-6205-0EE0-3A874FE430AD}.Debug|Any CPU.ActiveCfg = Debug|Any CPU
		{52C278BB-675E-6205-0EE0-3A874FE430AD}.Debug|Any CPU.Build.0 = Debug|Any CPU
		{52C278BB-675E-6205-0EE0-3A874FE430AD}.Release|Any CPU.ActiveCfg = Release|Any CPU
		{52C278BB-675E-6205-0EE0-3A874FE430AD}.Release|Any CPU.Build.0 = Release|Any CPU
	EndGlobalSection
	GlobalSection(SolutionProperties) = preSolution
		HideSolutionNode = FALSE
	EndGlobalSection
	GlobalSection(ExtensibilityGlobals) = postSolution
		SolutionGuid = {9A1A3DB4-611F-428A-BD44-4C9F5E7A6D96}
	EndGlobalSection
EndGlobal
